
Microsoft Visual Studio Solution File, Format Version 12.00
# Visual Studio Version 17
VisualStudioVersion = 17.5.33502.453
MinimumVisualStudioVersion = 10.0.40219.1
Project("{FAE04EC0-301F-11D3-BF4B-00C04F79EFBC}") = "praticasimplementacao_myfinance_dotnet", "praticasimplementacao_myfinance_dotnet.csproj", "{909B3FEE-9FCF-40F8-8663-BC7E9ACD2A4A}"
EndProject
Global
	GlobalSection(SolutionConfigurationPlatforms) = preSolution
		Debug|Any CPU = Debug|Any CPU
		Release|Any CPU = Release|Any CPU
	EndGlobalSection
	GlobalSection(ProjectConfigurationPlatforms) = postSolution
		{909B3FEE-9FCF-40F8-8663-BC7E9ACD2A4A}.Debug|Any CPU.ActiveCfg = Debug|Any CPU
		{909B3FEE-9FCF-40F8-8663-BC7E9ACD2A4A}.Debug|Any CPU.Build.0 = Debug|Any CPU
		{909B3FEE-9FCF-40F8-8663-BC7E9ACD2A4A}.Release|Any CPU.ActiveCfg = Release|Any CPU
		{909B3FEE-9FCF-40F8-8663-BC7E9ACD2A4A}.Release|Any CPU.Build.0 = Release|Any CPU
	EndGlobalSection
	GlobalSection(SolutionProperties) = preSolution
		HideSolutionNode = FALSE
	EndGlobalSection
	GlobalSection(ExtensibilityGlobals) = postSolution
		SolutionGuid = {A285FE7F-78C3-4F8B-B343-D7B0AA0B895F}
	EndGlobalSection
EndGlobal
